{
  "version": 4,
  "terraform_version": "1.13.5",
  "serial": 2,
  "lineage": "4d9a035d-534f-c38f-6364-eb62346c4c17",
  "outputs": {
    "repo_url": {
      "value": "https://github.com/CanOfDietCoke/new1",
      "type": "string"
    }
  },
  "resources": [
    {
      "mode": "managed",
      "type": "github_repository",
      "name": "new_repo",
      "provider": "provider[\"registry.terraform.io/integrations/github\"]",
      "instances": [
        {
          "schema_version": 1,
          "attributes": {
            "allow_auto_merge": false,
            "allow_merge_commit": true,
            "allow_rebase_merge": true,
            "allow_squash_merge": true,
            "allow_update_branch": false,
            "archive_on_destroy": null,
            "archived": false,
            "auto_init": null,
            "default_branch": "main",
            "delete_branch_on_merge": false,
            "description": "",
            "etag": "W/\"2e35a74452e387c18a2eef2c80cd9cc224782ce6bb2bb734fdf20eb5f1084aaf\"",
            "fork": false,
            "full_name": "CanOfDietCoke/new1",
            "git_clone_url": "git://github.com/CanOfDietCoke/new1.git",
            "gitignore_template": null,
            "has_discussions": false,
            "has_downloads": false,
            "has_issues": false,
            "has_projects": false,
            "has_wiki": false,
            "homepage_url": "",
            "html_url": "https://github.com/CanOfDietCoke/new1",
            "http_clone_url": "https://github.com/CanOfDietCoke/new1.git",
            "id": "new1",
            "ignore_vulnerability_alerts_during_read": null,
            "is_template": false,
            "license_template": null,
            "merge_commit_message": "PR_TITLE",
            "merge_commit_title": "MERGE_MESSAGE",
            "name": "new1",
            "node_id": "R_kgDOQX5pDQ",
            "pages": [],
            "primary_language": "",
            "private": false,
            "repo_id": 1098803469,
            "security_and_analysis": [
              {
                "advanced_security": [],
                "secret_scanning": [
                  {
                    "status": "enabled"
                  }
                ],
                "secret_scanning_push_protection": [
                  {
                    "status": "enabled"
                  }
                ]
              }
            ],
            "source_owner": "",
            "source_repo": "",
            "squash_merge_commit_message": "COMMIT_MESSAGES",
            "squash_merge_commit_title": "COMMIT_OR_PR_TITLE",
            "ssh_clone_url": "git@github.com:CanOfDietCoke/new1.git",
            "svn_url": "https://github.com/CanOfDietCoke/new1",
            "template": [],
            "topics": [],
            "visibility": "public",
            "vulnerability_alerts": false,
            "web_commit_signoff_required": false
          },
          "sensitive_attributes": [],
          "identity_schema_version": 0,
          "private": "eyJzY2hlbWFfdmVyc2lvbiI6IjEifQ=="
        }
      ]
    }
  ],
  "check_results": null
}
